
Microsoft Visual Studio Solution File, Format Version 12.00
# Visual Studio Version 17
VisualStudioVersion = 17.0.31903.59
MinimumVisualStudioVersion = 10.0.40219.1
Project("{FAE04EC0-301F-11D3-BF4B-00C04F79EFBC}") = "livedoc-xunit", "livedoc-xunit.csproj", "{066CD5B0-58A2-4A1F-8C4B-E566BDC7034D}"
EndProject
Project("{2150E333-8FDC-42A3-9474-1A3956D46DE8}") = "samples", "samples", "{5D20AA90-6969-D8BD-9DCD-8634F4692FDA}"
EndProject
Project("{FAE04EC0-301F-11D3-BF4B-00C04F79EFBC}") = "ShippingSample", "samples\ShippingSample.csproj", "{892AA5EE-B321-49D6-9212-5E58BA4DBDD0}"
EndProject
Project("{2150E333-8FDC-42A3-9474-1A3956D46DE8}") = "tests", "tests", "{0AB3BF05-4346-4AA6-1389-037BE0695223}"
EndProject
Project("{FAE04EC0-301F-11D3-BF4B-00C04F79EFBC}") = "LiveDoc.xUnit.Tests", "tests\LiveDoc.xUnit.Tests.csproj", "{2AE58AD1-36D2-49D6-8DFC-95E274D60D5B}"
EndProject
Global
	GlobalSection(SolutionConfigurationPlatforms) = preSolution
		Debug|Any CPU = Debug|Any CPU
		Debug|x64 = Debug|x64
		Debug|x86 = Debug|x86
		Release|Any CPU = Release|Any CPU
		Release|x64 = Release|x64
		Release|x86 = Release|x86
	EndGlobalSection
	GlobalSection(ProjectConfigurationPlatforms) = postSolution
		{066CD5B0-58A2-4A1F-8C4B-E566BDC7034D}.Debug|Any CPU.ActiveCfg = Debug|Any CPU
		{066CD5B0-58A2-4A1F-8C4B-E566BDC7034D}.Debug|Any CPU.Build.0 = Debug|Any CPU
		{066CD5B0-58A2-4A1F-8C4B-E566BDC7034D}.Debug|x64.ActiveCfg = Debug|Any CPU
		{066CD5B0-58A2-4A1F-8C4B-E566BDC7034D}.Debug|x64.Build.0 = Debug|Any CPU
		{066CD5B0-58A2-4A1F-8C4B-E566BDC7034D}.Debug|x86.ActiveCfg = Debug|Any CPU
		{066CD5B0-58A2-4A1F-8C4B-E566BDC7034D}.Debug|x86.Build.0 = Debug|Any CPU
		{066CD5B0-58A2-4A1F-8C4B-E566BDC7034D}.Release|Any CPU.ActiveCfg = Release|Any CPU
		{066CD5B0-58A2-4A1F-8C4B-E566BDC7034D}.Release|Any CPU.Build.0 = Release|Any CPU
		{066CD5B0-58A2-4A1F-8C4B-E566BDC7034D}.Release|x64.ActiveCfg = Release|Any CPU
		{066CD5B0-58A2-4A1F-8C4B-E566BDC7034D}.Release|x64.Build.0 = Release|Any CPU
		{066CD5B0-58A2-4A1F-8C4B-E566BDC7034D}.Release|x86.ActiveCfg = Release|Any CPU
		{066CD5B0-58A2-4A1F-8C4B-E566BDC7034D}.Release|x86.Build.0 = Release|Any CPU
		{892AA5EE-B321-49D6-9212-5E58BA4DBDD0}.Debug|Any CPU.ActiveCfg = Debug|Any CPU
		{892AA5EE-B321-49D6-9212-5E58BA4DBDD0}.Debug|Any CPU.Build.0 = Debug|Any CPU
		{892AA5EE-B321-49D6-9212-5E58BA4DBDD0}.Debug|x64.ActiveCfg = Debug|Any CPU
		{892AA5EE-B321-49D6-9212-5E58BA4DBDD0}.Debug|x64.Build.0 = Debug|Any CPU
		{892AA5EE-B321-49D6-9212-5E58BA4DBDD0}.Debug|x86.ActiveCfg = Debug|Any CPU
		{892AA5EE-B321-49D6-9212-5E58BA4DBDD0}.Debug|x86.Build.0 = Debug|Any CPU
		{892AA5EE-B321-49D6-9212-5E58BA4DBDD0}.Release|Any CPU.ActiveCfg = Release|Any CPU
		{892AA5EE-B321-49D6-9212-5E58BA4DBDD0}.Release|Any CPU.Build.0 = Release|Any CPU
		{892AA5EE-B321-49D6-9212-5E58BA4DBDD0}.Release|x64.ActiveCfg = Release|Any CPU
		{892AA5EE-B321-49D6-9212-5E58BA4DBDD0}.Release|x64.Build.0 = Release|Any CPU
		{892AA5EE-B321-49D6-9212-5E58BA4DBDD0}.Release|x86.ActiveCfg = Release|Any CPU
		{892AA5EE-B321-49D6-9212-5E58BA4DBDD0}.Release|x86.Build.0 = Release|Any CPU
		{2AE58AD1-36D2-49D6-8DFC-95E274D60D5B}.Debug|Any CPU.ActiveCfg = Debug|Any CPU
		{2AE58AD1-36D2-49D6-8DFC-95E274D60D5B}.Debug|Any CPU.Build.0 = Debug|Any CPU
		{2AE58AD1-36D2-49D6-8DFC-95E274D60D5B}.Debug|x64.ActiveCfg = Debug|Any CPU
		{2AE58AD1-36D2-49D6-8DFC-95E274D60D5B}.Debug|x64.Build.0 = Debug|Any CPU
		{2AE58AD1-36D2-49D6-8DFC-95E274D60D5B}.Debug|x86.ActiveCfg = Debug|Any CPU
		{2AE58AD1-36D2-49D6-8DFC-95E274D60D5B}.Debug|x86.Build.0 = Debug|Any CPU
		{2AE58AD1-36D2-49D6-8DFC-95E274D60D5B}.Release|Any CPU.ActiveCfg = Release|Any CPU
		{2AE58AD1-36D2-49D6-8DFC-95E274D60D5B}.Release|Any CPU.Build.0 = Release|Any CPU
		{2AE58AD1-36D2-49D6-8DFC-95E274D60D5B}.Release|x64.ActiveCfg = Release|Any CPU
		{2AE58AD1-36D2-49D6-8DFC-95E274D60D5B}.Release|x64.Build.0 = Release|Any CPU
		{2AE58AD1-36D2-49D6-8DFC-95E274D60D5B}.Release|x86.ActiveCfg = Release|Any CPU
		{2AE58AD1-36D2-49D6-8DFC-95E274D60D5B}.Release|x86.Build.0 = Release|Any CPU
	EndGlobalSection
	GlobalSection(SolutionProperties) = preSolution
		HideSolutionNode = FALSE
	EndGlobalSection
	GlobalSection(NestedProjects) = preSolution
		{892AA5EE-B321-49D6-9212-5E58BA4DBDD0} = {5D20AA90-6969-D8BD-9DCD-8634F4692FDA}
		{2AE58AD1-36D2-49D6-8DFC-95E274D60D5B} = {0AB3BF05-4346-4AA6-1389-037BE0695223}
	EndGlobalSection
EndGlobal
